{
  "lockfileVersion": 1,
  "configVersion": 1,
  "workspaces": {
    "": {
      "name": "sparql-console",
      "dependencies": {
        "@blueprintjs/core": "^6.20.0",
        "@blueprintjs/icons": "^6.0.0",
        "@triply/yasgui": "^4.2.28",
        "oidc-client-ts": "^3.5.0",
        "react": "^19.3.0",
        "react-dom": "^19.3.0",
        "react-oidc-context": "^3.3.1",
        "react-router": "^8.4.0",
      },
      "devDependencies": {
        "@types/react": "^19.3.0",
        "@types/react-dom": "^19.3.0",
        "@vitejs/plugin-react": "^6.0.0",
        "typescript": "^5.9.0",
        "vite": "^8.3.0",
      },
    },
  },
  "packages": {
    "@babel/runtime": ["@babel/runtime@7.29.7", "", {}, "sha512-Nq8OhGWiZIZGV6hLHoyAKLLcJihP/xFeBMGJoUrxTX2psI8dCifzLhZISFb+VWS3wFMRDmCGw5R+dOySCqPLhw=="],

    "@blueprintjs/colors": ["@blueprintjs/colors@5.1.16", "", { "dependencies": { "tslib": "~2.6.2" } }, "sha512-P9uX0Aj2TP9+6aUcori1iPl4snxM/Vgq0LZbhUl1l5bHTgNxxwm/0+IoS/SlQg93HBRl8KTAM1evEqtPbwV10A=="],

    "@blueprintjs/core": ["@blueprintjs/core@6.20.0", "", { "dependencies": { "@blueprintjs/colors": "^5.1.16", "@blueprintjs/icons": "^6.14.1", "@floating-ui/react": "^0.27.13", "@popperjs/core": "^2.11.8", "classnames": "^2.3.1", "normalize.css": "^8.0.1", "react-popper": "^2.3.0", "react-transition-group": "^4.4.5", "tslib": "~2.6.2" }, "peerDependencies": { "@types/react": "18 || 19", "react": "18 || 19", "react-dom": "18 || 19" }, "optionalPeers": ["@types/react"], "bin": { "upgrade-blueprint-2.0.0-rename": "scripts/upgrade-blueprint-2.0.0-rename.sh", "upgrade-blueprint-3.0.0-rename": "scripts/upgrade-blueprint-3.0.0-rename.sh" } }, "sha512-ykESsMltlWIeQOto7U5F1iyLxpwPn997BS4RfwKforB+VZYxsIWPxhwSydv+T7rg+QXzbG9L64o/ygXDoK2pbQ=="],

    "@blueprintjs/icons": ["@blueprintjs/icons@6.14.1", "", { "dependencies": { "change-case": "^4.1.2", "classnames": "^2.3.1", "tslib": "~2.6.2" }, "peerDependencies": { "@types/react": "18 || 19", "react": "18 || 19", "react-dom": "18 || 19" }, "optionalPeers": ["@types/react"] }, "sha512-90HyoIIxaBTj+4whFUPU+lkdKLSx/R5GpSbbVug2xDZNSy6sptvAFSTmIVWvdFnFI8T1mlJPMniA/yP2s5GgZg=="],

    "@floating-ui/core": ["@floating-ui/core@1.8.0", "", { "dependencies": { "@floating-ui/utils": "^0.2.12" } }, "sha512-0CIZ5itps/8x7BG8dEIhs53BvCUH2PCoogtakwRTut+Arm58sJooJ0AuZhLw2HJYIR5cMLNPBSS728sPho2khQ=="],

    "@floating-ui/dom": ["@floating-ui/dom@1.8.0", "", { "dependencies": { "@floating-ui/core": "^1.8.0", "@floating-ui/utils": "^0.2.12" } }, "sha512-yXSrzeHZBTZadLOlfyhCkJHNeLJnHRnRInwdZ40L7ZiaAtrBwoYlsDrX3v5zB1Utk7CLfzcOVnVVWoXEky7Ceg=="],

    "@floating-ui/react": ["@floating-ui/react@0.27.20", "", { "dependencies": { "@floating-ui/react-dom": "^2.1.9", "@floating-ui/utils": "^0.2.12", "tabbable": "^6.0.0" }, "peerDependencies": { "react": ">=17.0.0", "react-dom": ">=17.0.0" } }, "sha512-CMqMy7OaXl9W0eq1Uy7L7i2Y/anPvHmFmESd2CEw0t5YvZhcVCeo4MBevAmswRllX7Y2dEidA4ozGPunLSTQpw=="],

    "@floating-ui/react-dom": ["@floating-ui/react-dom@2.1.9", "", { "dependencies": { "@floating-ui/dom": "^1.8.0" }, "peerDependencies": { "react": ">=16.8.0", "react-dom": ">=16.8.0" } }, "sha512-JDjEFGCpImxDCA7JJKviA0M9+RtmJdj0m/NVU5IMgBK+AmZouAQQ7/+2GLH0GXXY0YMw9oXPB8hKdbPYg5QLYg=="],

    "@floating-ui/utils": ["@floating-ui/utils@0.2.12", "", {}, "sha512-HpCo8tmWzLVad5s2d19EhAz5zqrrQ6s69qd6moPMQvkOuSwDT1YgRfWSVuc4ennqrgv3OHppiOGMQ7oC13yIww=="],

    "@fortawesome/fontawesome-common-types": ["@fortawesome/fontawesome-common-types@0.2.36", "", {}, "sha512-a/7BiSgobHAgBWeN7N0w+lAhInrGxksn13uK7231n2m8EDPE3BMCl9NZLTGrj9ZXfCmC6LM0QLqXidIizVQ6yg=="],

    "@fortawesome/free-solid-svg-icons": ["@fortawesome/free-solid-svg-icons@5.15.4", "", { "dependencies": { "@fortawesome/fontawesome-common-types": "^0.2.36" } }, "sha512-JLmQfz6tdtwxoihXLg6lT78BorrFyCf59SAwBM6qV/0zXyVeDygJVb3fk+j5Qat+Yvcxp1buLTY5iDh1ZSAQ8w=="],

    "@oxc-project/types": ["@oxc-project/types@0.150.0", "", {}, "sha512-rDS5/31E9HfPl/CIzGrn0DOlvBbXFseQ5URJ9sYMfstbKLD/c6Gm9vmRzRGDdAXyOIL4zmO37lc9RIwYqVruZw=="],

    "@popperjs/core": ["@popperjs/core@2.11.8", "", {}, "sha512-P1st0aksCrn9sGZhp8GMYwBnQsbvAWsZAX44oXNNvLHGqAOcoVxmjZiohstwQ7SqKnbR47akdNi+uleWD8+g6A=="],

    "@remix-run/route-pattern": ["@remix-run/route-pattern@0.22.1", "", {}, "sha512-czdGJWh09Lapvcqt7Vb09KlrU2PhRJ8xQaI+AItTuD9aDJ5MAgxnS38lnys6Ll+6RJEqPiaUqTwIQhVLwFvv+w=="],

    "@rolldown/binding-android-arm-eabi": ["@rolldown/binding-android-arm-eabi@1.2.9", "", { "os": "android", "cpu": "arm" }, "sha512-tNISae1QEf/vkb3xkRcjV5SEdzPE97We5IVaa2Z8jSszQPZ8U60B/YCYpw4QI7VidYsBtKavczXf+DyDs9WGxw=="],

    "@rolldown/binding-android-arm64": ["@rolldown/binding-android-arm64@1.2.9", "", { "os": "android", "cpu": "arm64" }, "sha512-YC8YsI30o606GTZi0VyzYlsDKFP8W61i/QzayHDkLbNEz/IShqAmTa+hsJRj13xTHA0H+6fk4b2UmGn+Q/cMlg=="],

    "@rolldown/binding-darwin-arm64": ["@rolldown/binding-darwin-arm64@1.2.9", "", { "os": "darwin", "cpu": "arm64" }, "sha512-IwhlH3qK5urrY8hZiEgGkHKEFN901p/p2bjxCxJlr4GyNnF7wYpUvK+Y43uaRYuC4hpfjzbR3SJC3arX1jGvmw=="],

    "@rolldown/binding-darwin-x64": ["@rolldown/binding-darwin-x64@1.2.9", "", { "os": "darwin", "cpu": "x64" }, "sha512-XxpJfVzFh+jilRxIXUqcfYAYcunIc/XEzIizsOL1fcJee5Sf7H3mH8WlLmfHfluz5amqR88QQo9izKtmMlavAw=="],

    "@rolldown/binding-freebsd-x64": ["@rolldown/binding-freebsd-x64@1.2.9", "", { "os": "freebsd", "cpu": "x64" }, "sha512-kSfvhmgeWyfkbT3p/1s5vSgboogoah2zkm9fX2zjg2hHxSV7T4KhMWRUUaRk4OXNqoD3QAUeRqLcs1aZOK4U1g=="],

    "@rolldown/binding-linux-arm-gnueabihf": ["@rolldown/binding-linux-arm-gnueabihf@1.2.9", "", { "os": "linux", "cpu": "arm" }, "sha512-1RVzG17pxqbTfYLC352JlLt6kKLG+6Hr30n8DlIJqsnV5luUDd2Qdx9Ayw1Cabfyb1K9k0jXEZ7evxkRoT+uiw=="],

    "@rolldown/binding-linux-arm64-gnu": ["@rolldown/binding-linux-arm64-gnu@1.2.9", "", { "os": "linux", "cpu": "arm64" }, "sha512-BXqPvZ2drqVD+/Z8UpKwcs4Mp7grM+eGFku4CAEKrEtcbAsUpzREphK1sogCRZGreVPiMkiiBtw0n3TPteuqvw=="],

    "@rolldown/binding-linux-arm64-musl": ["@rolldown/binding-linux-arm64-musl@1.2.9", "", { "os": "linux", "cpu": "arm64" }, "sha512-11vWvo8YDwLzukt27J3aYDWU+gg2P7J+ZOmiJ0hkF5BXZDW7pVya7r40MXDy6ya0i9KamoENSVKIugvJNgFXIA=="],

    "@rolldown/binding-linux-ppc64-gnu": ["@rolldown/binding-linux-ppc64-gnu@1.2.9", "", { "os": "linux", "cpu": "ppc64" }, "sha512-a1tijMkdwsIARtc0F39ApURROkf3NwqinI6TOiSSWCTR7dT96dffNvMUtDHnq64wKNTIZOIlzKrFvvFUznJiyw=="],

    "@rolldown/binding-linux-s390x-gnu": ["@rolldown/binding-linux-s390x-gnu@1.2.9", "", { "os": "linux", "cpu": "s390x" }, "sha512-x6SQNdAvv4c3hWqTMaWuawzMX9myaCs/yEmlGsxJzkdClnHW7FbrjQuSiRDhuSYzEYoEMhsaJy9qHG/XNemJPQ=="],

    "@rolldown/binding-linux-x64-gnu": ["@rolldown/binding-linux-x64-gnu@1.2.9", "", { "os": "linux", "cpu": "x64" }, "sha512-9s0AZ8BFK5/n7B/TBoa2yJE3gI3KURrbXcPBlsAsvjU4VeJKgE90y1YtNxyEUIcHPQkg6/yfF3qihUrcM/Kf0Q=="],

    "@rolldown/binding-linux-x64-musl": ["@rolldown/binding-linux-x64-musl@1.2.9", "", { "os": "linux", "cpu": "x64" }, "sha512-P7VWAmV+WdJluH7ovnRGoiv2i8To7GAZ+kGzfGup635cyL7SyYl3lSUaA3Gp5THf0n/Co5EyEqb2zbqq+nMOHQ=="],

    "@rolldown/binding-openharmony-arm64": ["@rolldown/binding-openharmony-arm64@1.2.9", "", { "os": "none", "cpu": "arm64" }, "sha512-1qixtsE4BK8h+yS3BfmZ09UhA7O/N4IACva6YBr7EBvCJraByTuRcgOTaiA62Tm0vey3UcKXLOaoGHtYmNGEVg=="],

    "@rolldown/binding-win32-arm64-msvc": ["@rolldown/binding-win32-arm64-msvc@1.2.9", "", { "os": "win32", "cpu": "arm64" }, "sha512-ok8IQjcEPs1AKZfuEUznVBrJw+gK4soq+bx8b1X2XoMqVClarc1q5JDmVtWXY1xfr6ZuHTAsPXHTgTrqKTZeww=="],

    "@rolldown/binding-win32-x64-msvc": ["@rolldown/binding-win32-x64-msvc@1.2.9", "", { "os": "win32", "cpu": "x64" }, "sha512-Ip2mXoU0hM0boq3Rf+ekuT653OROSo6aSYcPT1VHE4q52KvyxgFkQgrgb/IEsxOuvQ2fZZbs8khJAyCEPM24/g=="],

    "@rolldown/pluginutils": ["@rolldown/pluginutils@1.0.1", "", {}, "sha512-2j9bGt5Jh8hj+vPtgzPtl72j0yRxHAyumoo6TNfAjsLB04UtpSvPbPcDcBMxz7n+9CYB0c1GxQFxYRg2jimqGw=="],

    "@tarekraafat/autocomplete.js": ["@tarekraafat/autocomplete.js@7.2.0", "", {}, "sha512-p1aEcKC/WHpVBuFyRhXq/ie+mgO4QqCNEsdVIPUBgmNqmxV4dVfqYEpk///9vvKyranUUvrlVu4e2tdzAaXKIg=="],

    "@triply/yasgui": ["@triply/yasgui@4.2.28", "", { "dependencies": { "@tarekraafat/autocomplete.js": "^7.2.0", "@triply/yasgui-utils": "^4.2.28", "@triply/yasqe": "^4.2.28", "@triply/yasr": "^4.2.28", "@types/lodash-es": "^4.17.3", "autosuggest-highlight": "^3.1.1", "blueimp-md5": "^2.12.0", "choices.js": "^9.0.1", "es6-object-assign": "^1.1.0", "jsuri": "^1.3.1", "lodash-es": "^4.17.15", "sortablejs": "^1.10.2", "superagent": "5.3.1" } }, "sha512-HN1neZqERSGoDyk/Fg40nI+F0tHnaBxjqizhN0mur2Kj0oJsklBsFMRk/M+wW+ohy8dSEn7AgX3H0pPrV/wmVg=="],

    "@triply/yasgui-utils": ["@triply/yasgui-utils@4.2.28", "", { "dependencies": { "@types/node": "14.0.23", "store": "^2.0.12" } }, "sha512-1RvlHAmwvx5VjoVROZOCL0kMLUaIkRRPR/hc5PNN2oLSMGXRO1lptEXMbFXx16RePX9d3wvgb7WaWr6dP9hgBg=="],

    "@triply/yasqe": ["@triply/yasqe@4.2.28", "", { "dependencies": { "@triply/yasgui-utils": "^4.2.28", "@types/lodash-es": "^4.17.3", "codemirror": "^5.51.0", "lodash-es": "^4.17.15", "query-string": "^6.10.1", "superagent": "5.3.1" }, "peerDependencies": { "@triply/yasgui": "4.x" } }, "sha512-5yLfgvrf9hRU3DFZvpuAOt4tZchw9u0cxBBPSCgDf5+AIKfgeO4WxaTZix+yu7aQhR8iDf1I1ewvQTXIiCUO6w=="],

    "@triply/yasr": ["@triply/yasr@4.2.28", "", { "dependencies": { "@fortawesome/free-solid-svg-icons": "^5.14.0", "@triply/yasgui-utils": "^4.2.28", "@triply/yasqe": "^4.2.28", "@types/lodash-es": "^4.17.3", "codemirror": "^5.51.0", "colors": "^1.4.0", "column-resizer": "^1.3.4", "datatables.net": "^1.10.24", "datatables.net-dt": "^1.10.24", "dompurify": "^2.0.7", "jquery": "^3.5.0", "json2csv": "^5.0.1", "lodash-es": "^4.17.15", "n3": "^1.3.5", "papaparse": "^5.3.1" }, "peerDependencies": { "@triply/yasgui": "4.x" } }, "sha512-7EgOJX1/Xv1l9Sxu1S5Da/F+dG9hqANEfw/EJa6pbttkK+rQMN4Zv3paBD4dbHLwZGvybcupqCX7q7Ut+au8Bw=="],

    "@types/lodash": ["@types/lodash@4.17.25", "", {}, "sha512-+K1NIO8I+F9/wNulfVvu23QYd0Pe9/OCqRrim4NoYIf1VoEDL90Ve4ClzpyqBLc7NpGGWRvYNCKZ1BE/Jpf8dQ=="],

    "@types/lodash-es": ["@types/lodash-es@4.17.12", "", { "dependencies": { "@types/lodash": "*" } }, "sha512-0NgftHUcV4v34VhXm8QBSftKVXtbkBG3ViCjs6+eJ5a6y6Mi/jiFGPc1sC7QK+9BFhWrURE3EOggmWaSxL9OzQ=="],

    "@types/node": ["@types/node@14.0.23", "", {}, "sha512-Z4U8yDAl5TFkmYsZdFPdjeMa57NOvnaf1tljHzhouaPEp7LCj2JKkejpI1ODviIAQuW4CcQmxkQ77rnLsOOoKw=="],

    "@types/react": ["@types/react@19.3.0", "", { "dependencies": { "csstype": "^3.2.2" } }, "sha512-N0rFCuH9YoxG9/m61l9MfpJKfmLOVU0em7ipIz6TRgSSkvReLB9vL85GB+yr8Bs5leqpvg96JSwF4ZS1s4viQg=="],

    "@types/react-dom": ["@types/react-dom@19.3.0", "", { "peerDependencies": { "@types/react": "^19.3.0" } }, "sha512-ZI7bU42mZXXKHn/qNLEw2IrbiINU7X5+vfgdixBHkCNpYWXjKgfQ/P+uyGb5CjOLB9UcnTeg3rylQtV2hym44Q=="],

    "@vitejs/plugin-react": ["@vitejs/plugin-react@6.1.1", "", { "dependencies": { "@rolldown/pluginutils": "^1.0.1" }, "peerDependencies": { "@rolldown/plugin-babel": "^0.1.7 || ^0.2.0", "babel-plugin-react-compiler": "^1.0.0", "oxc-transform-react": "^0.145.0", "vite": "^8.0.0" }, "optionalPeers": ["@rolldown/plugin-babel", "babel-plugin-react-compiler", "oxc-transform-react"] }, "sha512-yxLaQV9gkhS8ezJqCM6+ndU7mDY6gqAg75NQ+0IjwEI8IYOmQCgkRwHKVSfWXW076DsqMo0Dk+0FK1U+M5RgFw=="],

    "abort-controller": ["abort-controller@3.0.0", "", { "dependencies": { "event-target-shim": "^5.0.0" } }, "sha512-h8lQ8tacZYnR3vNQTgibj+tODHI5/+l06Au2Pcriv/Gmet0eaj4TwWH41sO9wnHDiQsEj19q0drzdWdeAHtweg=="],

    "asynckit": ["asynckit@0.4.0", "", {}, "sha512-Oei9OH4tRh0YqU3GxhX79dM/mwVgvbZJaSNaRk+bshkj0S5cfHcgYakreBjrHwatXKbz+IoIdYLxrKim2MjW0Q=="],

    "autosuggest-highlight": ["autosuggest-highlight@3.3.4", "", { "dependencies": { "remove-accents": "^0.4.2" } }, "sha512-j6RETBD2xYnrVcoV1S5R4t3WxOlWZKyDQjkwnggDPSjF5L4jV98ZltBpvPvbkM1HtoSe5o+bNrTHyjPbieGeYA=="],

    "base64-js": ["base64-js@1.5.1", "", {}, "sha512-AKpaYlHn8t4SVbOHCy+b5+KKgvR4vrsD8vbvrbiQJps7fKDTkjkDry6ji0rUJjC0kzbNePLwzxq8iypo41qeWA=="],

    "blueimp-md5": ["blueimp-md5@2.19.0", "", {}, "sha512-DRQrD6gJyy8FbiE4s+bDoXS9hiW3Vbx5uCdwvcCf3zLHL+Iv7LtGHLpr+GZV8rHG8tK766FGYBwRbu8pELTt+w=="],

    "buffer": ["buffer@6.0.3", "", { "dependencies": { "base64-js": "^1.3.1", "ieee754": "^1.2.1" } }, "sha512-FTiCpNxtwiZZHEZbcbTIcZjERVICn9yq/pDFkTl95/AxzD1naBctN7YO68riM/gLSDY7sdrMby8hofADYuuqOA=="],

    "call-bind-apply-helpers": ["call-bind-apply-helpers@1.0.2", "", { "dependencies": { "es-errors": "^1.3.0", "function-bind": "^1.1.2" } }, "sha512-Sp1ablJ0ivDkSzjcaJdxEunN5/XvksFJ2sMBFfq6x0ryhQV/2b/KwFe21cMpmHtPOSij8K99/wSfoEuTObmuMQ=="],

    "call-bound": ["call-bound@1.0.4", "", { "dependencies": { "call-bind-apply-helpers": "^1.0.2", "get-intrinsic": "^1.3.0" } }, "sha512-+ys997U96po4Kx/ABpBCqhA9EuxJaQWDQg7295H4hBphv3IZg0boBKuwYpt4YXp6MZ5AmZQnU/tyMTlRpaSejg=="],

    "camel-case": ["camel-case@4.1.2", "", { "dependencies": { "pascal-case": "^3.1.2", "tslib": "^2.0.3" } }, "sha512-gxGWBrTT1JuMx6R+o5PTXMmUnhnVzLQ9SNutD4YqKtI6ap897t3tKECYla6gCWEkplXnlNybEkZg9GEGxKFCgw=="],

    "capital-case": ["capital-case@1.0.4", "", { "dependencies": { "no-case": "^3.0.4", "tslib": "^2.0.3", "upper-case-first": "^2.0.2" } }, "sha512-ds37W8CytHgwnhGGTi88pcPyR15qoNkOpYwmMMfnWqqWgESapLqvDx6huFjQ5vqWSn2Z06173XNA7LtMOeUh1A=="],

    "change-case": ["change-case@4.1.2", "", { "dependencies": { "camel-case": "^4.1.2", "capital-case": "^1.0.4", "constant-case": "^3.0.4", "dot-case": "^3.0.4", "header-case": "^2.0.4", "no-case": "^3.0.4", "param-case": "^3.0.4", "pascal-case": "^3.1.2", "path-case": "^3.0.4", "sentence-case": "^3.0.4", "snake-case": "^3.0.4", "tslib": "^2.0.3" } }, "sha512-bSxY2ws9OtviILG1EiY5K7NNxkqg/JnRnFxLtKQ96JaviiIxi7djMrSd0ECT9AC+lttClmYwKw53BWpOMblo7A=="],

    "choices.js": ["choices.js@9.1.0", "", { "dependencies": { "deepmerge": "^4.2.2", "fuse.js": "^3.4.6", "redux": "^4.1.2" } }, "sha512-6NnqiE/MNnNAiMzdW7phJ49nMQylkKMQ6La6PAS1+h1VhrGt38MOPnjzEJ3cRaECieqaGpl9eFGtI2icW27r8A=="],

    "classnames": ["classnames@2.5.1", "", {}, "sha512-saHYOzhIQs6wy2sVxTM6bUDsQO4F50V9RQ22qBpEdCW+I+/Wmke2HOl6lS6dTpdxVhb88/I6+Hs+438c3lfUow=="],

    "codemirror": ["codemirror@5.65.21", "", {}, "sha512-6teYk0bA0nR3QP0ihGMoxuKzpl5W80FpnHpBJpgy66NK3cZv5b/d/HY8PnRvfSsCG1MTfr92u2WUl+wT0E40mQ=="],

    "colors": ["colors@1.4.0", "", {}, "sha512-a+UqTh4kgZg/SlGvfbzDHpgRu7AAQOmmqRHJnxhRZICKFUT91brVhNNt58CMWU9PsBbv3PDCZUHbVxuDiH2mtA=="],

    "column-resizer": ["column-resizer@1.4.0", "", { "dependencies": { "string-hash": "~1.1.3" } }, "sha512-KM5Jh/UBKwVUr01oEGN/OvxF6gZIEn4c1Qde4iHSqNru9hxq93ao3u93qb9N1E1TZ2Sxjh4x7OHGe8v/P8FgkA=="],

    "combined-stream": ["combined-stream@1.0.8", "", { "dependencies": { "delayed-stream": "~1.0.0" } }, "sha512-FQN4MRfuJeHf7cBbBMJFXhKSDq+2kAArBlmRBvcvFE5BB1HZKXtSFASDhdlz9zOYwxh8lDdnvmMOe/+5cdoEdg=="],

    "commander": ["commander@6.2.1", "", {}, "sha512-U7VdrJFnJgo4xjrHpTzu0yrHPGImdsmD95ZlgYSEajAn2JKzDhDTPG9kBTefmObL2w/ngeZnilk+OV9CG3d7UA=="],

    "component-emitter": ["component-emitter@1.3.1", "", {}, "sha512-T0+barUSQRTUQASh8bx02dl+DhF54GtIDY13Y3m9oWTklKbb3Wv974meRpeZ3lp1JpLVECWWNHC4vaG2XHXouQ=="],

    "constant-case": ["constant-case@3.0.4", "", { "dependencies": { "no-case": "^3.0.4", "tslib": "^2.0.3", "upper-case": "^2.0.2" } }, "sha512-I2hSBi7Vvs7BEuJDr5dDHfzb/Ruj3FyvFyh7KLilAjNQw3Be+xgqUBA2W6scVEcL0hL1dwPRtIqEPVUCKkSsyQ=="],

    "cookie-es": ["cookie-es@3.1.1", "", {}, "sha512-UaXxwISYJPTr9hwQxMFYZ7kNhSXboMXP+Z3TRX6f1/NyaGPfuNUZOWP1pUEb75B2HjfklIYLVRfWiFZJyC6Npg=="],

    "cookiejar": ["cookiejar@2.1.4", "", {}, "sha512-LDx6oHrK+PhzLKJU9j5S7/Y3jM/mUHvD/DeI1WQmJn652iPC5Y4TBzC9l+5OMOXlyTTA+SmVUPm0HQUwpD5Jqw=="],

    "csstype": ["csstype@3.2.3", "", {}, "sha512-z1HGKcYy2xA8AGQfwrn0PAy+PB7X/GSj3UVJW9qKyn43xWa+gl5nXmU4qqLMRzWVLFC8KusUX8T/0kCiOYpAIQ=="],

    "datatables.net": ["datatables.net@1.13.11", "", { "dependencies": { "jquery": "1.8 - 4" } }, "sha512-AE6RkMXziRaqzPcu/pl3SJXeRa6fmXQG/fVjuRESujvkzqDCYEeKTTpPMuVJSGYJpPi32WGSphVNNY1G4nSN/g=="],

    "datatables.net-dt": ["datatables.net-dt@1.13.11", "", { "dependencies": { "datatables.net": "1.13.11", "jquery": "1.8 - 4" } }, "sha512-4GpS4OFLwIMfhb5UdJh6bEnh0E52jIJOlx7KLKs1pSce/xpHjvcmucbUWNaEndQIpHXtIxmVPoqcDB0ZbiVB+A=="],

    "debug": ["debug@4.4.3", "", { "dependencies": { "ms": "^2.1.3" }, "peerDependencies": { "supports-color": "*" }, "optionalPeers": ["supports-color"] }, "sha512-RGwwWnwQvkVfavKVt22FGLw+xYSdzARwm0ru6DhTVA3umU5hZc28V3kO4stgYryrTlLpuvgI9GiijltAjNbcqA=="],

    "decode-uri-component": ["decode-uri-component@0.2.2", "", {}, "sha512-FqUYQ+8o158GyGTrMFJms9qh3CqTKvAqgqsTnkLI8sKu0028orqBhxNMFkFen0zGyg6epACD32pjVk58ngIErQ=="],

    "deepmerge": ["deepmerge@4.3.1", "", {}, "sha512-3sUqbMEc77XqpdNO7FRyRog+eW3ph+GYCbj+rK+uYyRMuwsVy0rMiVtPn+QJlKFvWP/1PYpapqYn0Me2knFn+A=="],

    "delayed-stream": ["delayed-stream@1.0.0", "", {}, "sha512-ZySD7Nf91aLB0RxL4KGrKHBXl7Eds1DAmEdcoVawXnLD7SDhpNgtuII2aAkg7a7QS41jxPSZ17p4VdGnMHk3MQ=="],

    "detect-libc": ["detect-libc@2.1.2", "", {}, "sha512-Btj2BOOO83o3WyH59e8MgXsxEQVcarkUOpEYrubB0urwnN10yQ364rsiByU11nZlqWYZm05i/of7io4mzihBtQ=="],

    "dom-helpers": ["dom-helpers@5.2.1", "", { "dependencies": { "@babel/runtime": "^7.8.7", "csstype": "^3.0.2" } }, "sha512-nRCa7CK3VTrM2NmGkIy4cbK7IZlgBE/PYMn55rrXefr5xXDP0LdtfPnblFDoVdcAfslJ7or6iqAUnx0CCGIWQA=="],

    "dompurify": ["dompurify@2.5.9", "", {}, "sha512-i6mvVmWN4xo9LrhCOZrDgSs9noW6nOahbrmzjRbPF36YPyj5Ue5lgok0MHDWkG7xzpWFO2OYttXdzM7rJxHvNA=="],

    "dot-case": ["dot-case@3.0.4", "", { "dependencies": { "no-case": "^3.0.4", "tslib": "^2.0.3" } }, "sha512-Kv5nKlh6yRrdrGvxeJ2e5y2eRUpkUosIW4A2AS38zwSz27zu7ufDwQPi5Jhs3XAlGNetl3bmnGhQsMtkKJnj3w=="],

    "dunder-proto": ["dunder-proto@1.0.1", "", { "dependencies": { "call-bind-apply-helpers": "^1.0.1", "es-errors": "^1.3.0", "gopd": "^1.2.0" } }, "sha512-KIN/nDJBQRcXw0MLVhZE9iQHmG68qAVIBg9CqmUYjmQIhgij9U5MFvrqkUL5FbtyyzZuOeOt0zdeRe4UY7ct+A=="],

    "es-define-property": ["es-define-property@1.0.1", "", {}, "sha512-e3nRfgfUZ4rNGL232gUgX06QNyyez04KdjFrF+LTRoOXmrOgFKDg4BCdsjW8EnT69eqdYGmRpJwiPVYNrCaW3g=="],

    "es-errors": ["es-errors@1.3.0", "", {}, "sha512-Zf5H2Kxt2xjTvbJvP2ZWLEICxA6j+hAmMzIlypy4xcBg1vKVnx89Wy0GbS+kf5cwCVFFzdCFh2XSCFNULS6csw=="],

    "es-object-atoms": ["es-object-atoms@1.1.2", "", { "dependencies": { "es-errors": "^1.3.0" } }, "sha512-HWcBoN6NileqtSydK2FqHbS/LoDd2pqrnQHLyJzBj4kOp/ky2MWMN694xOfkK8/SnUsW2DH7EfyVlydKCsm1Zw=="],

    "es-set-tostringtag": ["es-set-tostringtag@2.1.0", "", { "dependencies": { "es-errors": "^1.3.0", "get-intrinsic": "^1.2.6", "has-tostringtag": "^1.0.2", "hasown": "^2.0.2" } }, "sha512-j6vWzfrGVfyXxge+O0x5sh6cvxAog0a/4Rdd2K36zCMV5eJ+/+tOAngRO8cODMNWbVRdVlmGZQL2YS3yR8bIUA=="],

    "es6-object-assign": ["es6-object-assign@1.1.0", "", {}, "sha512-MEl9uirslVwqQU369iHNWZXsI8yaZYGg/D65aOgZkeyFJwHYSxilf7rQzXKI7DdDuBPrBXbfk3sl9hJhmd5AUw=="],

    "event-target-shim": ["event-target-shim@5.0.1", "", {}, "sha512-i/2XbnSz/uxRCU6+NdVJgKWDTM427+MqYbkQzD321DuCQJUqOuJKIA0IM2+W2xtYHdKOmZ4dR6fExsd4SXL+WQ=="],

    "events": ["events@3.3.0", "", {}, "sha512-mQw+2fkQbALzQ7V0MY0IqdnXNOeTtP4r0lN9z7AAawCXgqea7bDii20AYrIBrFd/Hx0M2Ocz6S111CaFkUcb0Q=="],

    "fast-safe-stringify": ["fast-safe-stringify@2.1.1", "", {}, "sha512-W+KJc2dmILlPplD/H4K9l9LcAHAfPtP6BY84uVLXQ6Evcz9Lcg33Y2z1IVblT6xdY54PXYVHEv+0Wpq8Io6zkA=="],

    "fdir": ["fdir@6.5.0", "", { "peerDependencies": { "picomatch": "^3 || ^4" }, "optionalPeers": ["picomatch"] }, "sha512-tIbYtZbucOs0BRGqPJkshJUYdL+SDH7dVM8gjy+ERp3WAUjLEFJE+02kanyHtwjWOnwrKYBiwAmM0p4kLJAnXg=="],

    "filter-obj": ["filter-obj@1.1.0", "", {}, "sha512-8rXg1ZnX7xzy2NGDVkBVaAy+lSlPNwad13BtgSlLuxfIslyt5Vg64U7tFcCt4WS1R0hvtnQybT/IyCkGZ3DpXQ=="],

    "form-data": ["form-data@3.0.5", "", { "dependencies": { "asynckit": "^0.4.0", "combined-stream": "^1.0.8", "es-set-tostringtag": "^2.1.0", "hasown": "^2.0.4", "mime-types": "^2.1.35" } }, "sha512-j23EibVLnp4zNXGW7LjryXYa2X6U/M96yoOX+ybZxwkYajdxRNEqYY3zhh7y0i6kfISKS2jr+EJq1YTUDEv5+w=="],

    "formidable": ["formidable@1.2.6", "", {}, "sha512-KcpbcpuLNOwrEjnbpMC0gS+X8ciDoZE1kkqzat4a8vrprf+s9pKNQ/QIwWfbfs4ltgmFl3MD177SNTkve3BwGQ=="],

    "fsevents": ["fsevents@2.3.3", "", { "os": "darwin" }, "sha512-5xoDfX+fL7faATnagmWPpbFtwh/R77WmMMqqHGS65C3vvB0YHrgF+B1YmZ3441tMj5n63k0212XNoJwzlhffQw=="],

    "function-bind": ["function-bind@1.1.2", "", {}, "sha512-7XHNxH7qX9xG5mIwxkhumTox/MIRNcOgDrxWsMt2pAr23WHp6MrRlN7FBSFpCpr+oVO0F744iUgR82nJMfG2SA=="],

    "fuse.js": ["fuse.js@3.6.1", "", {}, "sha512-hT9yh/tiinkmirKrlv4KWOjztdoZo1mx9Qh4KvWqC7isoXwdUY3PNWUxceF4/qO9R6riA2C29jdTOeQOIROjgw=="],

    "get-intrinsic": ["get-intrinsic@1.3.0", "", { "dependencies": { "call-bind-apply-helpers": "^1.0.2", "es-define-property": "^1.0.1", "es-errors": "^1.3.0", "es-object-atoms": "^1.1.1", "function-bind": "^1.1.2", "get-proto": "^1.0.1", "gopd": "^1.2.0", "has-symbols": "^1.1.0", "hasown": "^2.0.2", "math-intrinsics": "^1.1.0" } }, "sha512-9fSjSaos/fRIVIp+xSJlE6lfwhES7LNtKaCBIamHsjr2na1BiABJPo0mOjjz8GJDURarmCPGqaiVg5mfjb98CQ=="],

    "get-proto": ["get-proto@1.0.1", "", { "dependencies": { "dunder-proto": "^1.0.1", "es-object-atoms": "^1.0.0" } }, "sha512-sTSfBjoXBp89JvIKIefqw7U2CCebsc74kiY6awiGogKtoSGbgjYE/G/+l9sF3MWFPNc9IcoOC4ODfKHfxFmp0g=="],

    "gopd": ["gopd@1.2.0", "", {}, "sha512-ZUKRh6/kUFoAiTAtTYPZJ3hw9wNxx+BIBOijnlG9PnrJsCcSjs1wyyD6vJpaYtgnzDrKYRSqf3OO6Rfa93xsRg=="],

    "has-symbols": ["has-symbols@1.1.0", "", {}, "sha512-1cDNdwJ2Jaohmb3sg4OmKaMBwuC48sYni5HUw2DvsC8LjGTLK9h+eb1X6RyuOHe4hT0ULCW68iomhjUoKUqlPQ=="],

    "has-tostringtag": ["has-tostringtag@1.0.2", "", { "dependencies": { "has-symbols": "^1.0.3" } }, "sha512-NqADB8VjPFLM2V0VvHUewwwsw0ZWBaIdgo+ieHtK3hasLz4qeCRjYcqfB6AQrBggRKppKF8L52/VqdVsO47Dlw=="],

    "hasown": ["hasown@2.0.4", "", { "dependencies": { "function-bind": "^1.1.2" } }, "sha512-T2UbfbBEF32wiepXIsMlTW9+dDYC6wMh/t/vYA4tuOMKqWz/n3vr1NFSxQiyP+zk2mXsoMA/i/7qV6LKut1t1A=="],

    "header-case": ["header-case@2.0.4", "", { "dependencies": { "capital-case": "^1.0.4", "tslib": "^2.0.3" } }, "sha512-H/vuk5TEEVZwrR0lp2zed9OCo1uAILMlx0JEMgC26rzyJJ3N1v6XkwHHXJQdR2doSjcGPM6OKPYoJgf0plJ11Q=="],

    "ieee754": ["ieee754@1.2.1", "", {}, "sha512-dcyqhDvX1C46lXZcVqCpK+FtMRQVdIMN6/Df5js2zouUsqG7I6sFxitIC+7KYK29KdXOLHdu9zL4sFnoVQnqaA=="],

    "inherits": ["inherits@2.0.4", "", {}, "sha512-k/vGaX4/Yla3WzyMCvTQOXYeIHvqOKtnqBduzTHpzpQZzAskKMhZ2K+EnBiSM9zGSoIFeMpXKxa4dYeZIQqewQ=="],

    "jquery": ["jquery@3.7.1", "", {}, "sha512-m4avr8yL8kmFN8psrbFFFmB/If14iN5o9nw/NgnnM+kybDJpRsAynV2BsfpTYrTRysYUdADVD7CkUUizgkpLfg=="],

    "js-tokens": ["js-tokens@4.0.0", "", {}, "sha512-RdJUflcE3cUzKiMqQgsCu06FPu9UdIJO0beYbPhHN4k6apgJtifcoCtT9bcxOpYBtpD2kCM6Sbzg4CausW/PKQ=="],

    "json2csv": ["json2csv@5.0.7", "", { "dependencies": { "commander": "^6.1.0", "jsonparse": "^1.3.1", "lodash.get": "^4.4.2" }, "bin": { "json2csv": "bin/json2csv.js" } }, "sha512-YRZbUnyaJZLZUJSRi2G/MqahCyRv9n/ds+4oIetjDF3jWQA7AG7iSeKTiZiCNqtMZM7HDyt0e/W6lEnoGEmMGA=="],

    "jsonparse": ["jsonparse@1.3.1", "", {}, "sha512-POQXvpdL69+CluYsillJ7SUhKvytYjW9vG/GKpnf+xP8UWgYEM/RaMzHHofbALDiKbbP1W8UEYmgGl39WkPZsg=="],

    "jsuri": ["jsuri@1.3.1", "", {}, "sha512-LLdAeqOf88/X0hylAI7oSir6QUsz/8kOW0FcJzzu/SJRfORA/oPHycAOthkNp7eLPlTAbqVDFbqNRHkRVzEA3g=="],

    "jwt-decode": ["jwt-decode@4.0.0", "", {}, "sha512-+KJGIyHgkGuIq3IEBNftfhW/LfWhXUIY6OmyVWjliu5KH1y0fw7VQ8YndE2O4qZdMSd9SqbnC8GOcZEy0Om7sA=="],

    "lightningcss": ["lightningcss@1.33.0", "", { "dependencies": { "detect-libc": "^2.0.3" }, "optionalDependencies": { "lightningcss-android-arm64": "1.33.0", "lightningcss-darwin-arm64": "1.33.0", "lightningcss-darwin-x64": "1.33.0", "lightningcss-freebsd-x64": "1.33.0", "lightningcss-linux-arm-gnueabihf": "1.33.0", "lightningcss-linux-arm64-gnu": "1.33.0", "lightningcss-linux-arm64-musl": "1.33.0", "lightningcss-linux-x64-gnu": "1.33.0", "lightningcss-linux-x64-musl": "1.33.0", "lightningcss-win32-arm64-msvc": "1.33.0", "lightningcss-win32-x64-msvc": "1.33.0" } }, "sha512-WkUDrojuJs0xkgGf2udWxa3yGBRxPtxUkB79i6aCZLRgc7PM8fZe9TosfPDcvEpQZbuFASnHYmRLBLUbmLOIIA=="],

    "lightningcss-android-arm64": ["lightningcss-android-arm64@1.33.0", "", { "os": "android", "cpu": "arm64" }, "sha512-gEpRTalKdosp4Bb8qWtc2iOgE5SeIHlpS1up9bFq2wAyYhl1UdTObYiHe98zEM9SQvSoqQZ1IQD0JNpg3Ml5pg=="],

    "lightningcss-darwin-arm64": ["lightningcss-darwin-arm64@1.33.0", "", { "os": "darwin", "cpu": "arm64" }, "sha512-Sciaz8eenNTKn9b3t7+xr0ipTp9YxKQY4npwQ3mrRuL0BAVHBLyZxofhaKBAVtzmtRZ/zTyo0/to4B1uWG/Djg=="],

    "lightningcss-darwin-x64": ["lightningcss-darwin-x64@1.33.0", "", { "os": "darwin", "cpu": "x64" }, "sha512-Z5UPAxzrjlWNNyGy6i65cJzzvgJ5D3T6wMvs+gWpY9d7qRhANrxqAp6LhxIgZhWEw18RfJTGcRxjuLIBr+m8XQ=="],

    "lightningcss-freebsd-x64": ["lightningcss-freebsd-x64@1.33.0", "", { "os": "freebsd", "cpu": "x64" }, "sha512-QQM/Ti/hQajJwCY+RiWuCZ9sdtI/XQk7nDK5vC8kkdwixezOlDgvDx7+RT+QjK6FcFT4MpsuoBnHIo/O3StRRg=="],

    "lightningcss-linux-arm-gnueabihf": ["lightningcss-linux-arm-gnueabihf@1.33.0", "", { "os": "linux", "cpu": "arm" }, "sha512-N7FVBe6iS24MlM6R/4RBTxGhQheZGs7tiQ9U32UtF75NzP5Q7xWPRqLBCKxlRQRk3rY1jCIPLzx7WzOhuUIRLQ=="],

    "lightningcss-linux-arm64-gnu": ["lightningcss-linux-arm64-gnu@1.33.0", "", { "os": "linux", "cpu": "arm64" }, "sha512-j2v/itmy4HlNxlc6voKXYgBqNi0Ng2LShg4z7GufpEgs05P+2suBVyi9I6YHq5uoVFx9ETin3eCEhLVyXGQnKg=="],

    "lightningcss-linux-arm64-musl": ["lightningcss-linux-arm64-musl@1.33.0", "", { "os": "linux", "cpu": "arm64" }, "sha512-yiO5ROMuYQgXbC60yjZU5CYSFZGKXL0HFATXt9mHJn1+zW55oCtMI9NfcVhYLMFDL7gV7oBPon/EmMMGg2OvtQ=="],

    "lightningcss-linux-x64-gnu": ["lightningcss-linux-x64-gnu@1.33.0", "", { "os": "linux", "cpu": "x64" }, "sha512-ar+Ju7LmcN0Jo4FpL4hpFybwNG9/3A/Br5KW2n2jyODg3MEZXaDYADdemoNS+BDNfMgKvylJLj4S5tyRActuAg=="],

    "lightningcss-linux-x64-musl": ["lightningcss-linux-x64-musl@1.33.0", "", { "os": "linux", "cpu": "x64" }, "sha512-RYiYbkokw0trfKqqzfF55lginwEPrD3OJDfTuJzFs1MK6iFnDenaz1fqLLtX4ITG3OktJQXOeTaw1awrBAlZPw=="],

    "lightningcss-win32-arm64-msvc": ["lightningcss-win32-arm64-msvc@1.33.0", "", { "os": "win32", "cpu": "arm64" }, "sha512-1K+MPfLSFVpphzpdbfkhlWk6wBrTObBzS2T6db10PNOZgR9GoVsAWzwNyuhUYYbTp23j+4RrncfujZ4uAzXvwA=="],

    "lightningcss-win32-x64-msvc": ["lightningcss-win32-x64-msvc@1.33.0", "", { "os": "win32", "cpu": "x64" }, "sha512-OlEICDx/Xl0FqSp4bry8zFnCvGpig3Gl4gCquvYwHuqJKEC1+n9NgDniFvqHGmMv1ZkqDJrDqKKSykTDX+ehuA=="],

    "lodash-es": ["lodash-es@4.18.1", "", {}, "sha512-J8xewKD/Gk22OZbhpOVSwcs60zhd95ESDwezOFuA3/099925PdHJ7OFHNTGtajL3AlZkykD32HykiMo+BIBI8A=="],

    "lodash.get": ["lodash.get@4.4.2", "", {}, "sha512-z+Uw/vLuy6gQe8cfaFWD7p0wVv8fJl3mbzXh33RS+0oW2wvUqiRXiQ69gLWSLpgB5/6sU+r6BlQR0MBILadqTQ=="],

    "loose-envify": ["loose-envify@1.4.0", "", { "dependencies": { "js-tokens": "^3.0.0 || ^4.0.0" }, "bin": { "loose-envify": "cli.js" } }, "sha512-lyuxPGr/Wfhrlem2CL/UcnUc1zcqKAImBDzukY7Y5F/yQiNdko6+fRLevlw1HgMySw7f611UIY408EtxRSoK3Q=="],

    "lower-case": ["lower-case@2.0.2", "", { "dependencies": { "tslib": "^2.0.3" } }, "sha512-7fm3l3NAF9WfN6W3JOmf5drwpVqX78JtoGJ3A6W0a6ZnldM41w2fV5D490psKFTpMds8TJse/eHLFFsNHHjHgg=="],

    "math-intrinsics": ["math-intrinsics@1.1.0", "", {}, "sha512-/IXtbwEk5HTPyEwyKX6hGkYXxM9nbj64B+ilVJnC/R6B0pH5G4V3b0pVbL7DBj4tkhBAppbQUlf6F6Xl9LHu1g=="],

    "methods": ["methods@1.1.2", "", {}, "sha512-iclAHeNqNm68zFtnZ0e+1L2yUIdvzNoauKU4WBA3VvH/vPFieF7qfRlwUZU+DA9P9bPXIS90ulxoUoCH23sV2w=="],

    "mime": ["mime@2.6.0", "", { "bin": { "mime": "cli.js" } }, "sha512-USPkMeET31rOMiarsBNIHZKLGgvKc/LrjofAnBlOttf5ajRvqiRA8QsenbcooctK6d6Ts6aqZXBA+XbkKthiQg=="],

    "mime-db": ["mime-db@1.52.0", "", {}, "sha512-sPU4uV7dYlvtWJxwwxHD0PuihVNiE7TyAbQ5SWxDCB9mUYvOgroQOwYQQOKPJ8CIbE+1ETVlOoK1UC2nU3gYvg=="],

    "mime-types": ["mime-types@2.1.35", "", { "dependencies": { "mime-db": "1.52.0" } }, "sha512-ZDY+bPm5zTTF+YpCrAU9nK0UgICYPT0QtT1NZWFv4s++TNkcgVaT0g6+4R2uI4MjQjzysHB1zxuWL50hzaeXiw=="],

    "ms": ["ms@2.1.3", "", {}, "sha512-6FlzubTLZG3J2a/NVCAleEhjzq5oxgHyaCU9yYXvcLsvoVaHJq/s5xXI6/XXP6tz7R9xAOtHnSO/tXtF3WRTlA=="],

    "n3": ["n3@1.26.0", "", { "dependencies": { "buffer": "^6.0.3", "readable-stream": "^4.0.0" } }, "sha512-SQknS0ua90rN+3RHuk8BeIqeYyqIH/+ecViZxX08jR4j6MugqWRjtONl3uANG/crWXnOM2WIqBJtjIhVYFha+w=="],

    "nanoid": ["nanoid@3.3.19", "", { "bin": { "nanoid": "bin/nanoid.cjs" } }, "sha512-Y2tUNy4ouw6tq5oDSKeQYGOyhkUBhNOcGV/02KC+6kd9eDGqdZd++mjMiIDilrBYvjEnCYvVtsuHCuP+okSfug=="],

    "no-case": ["no-case@3.0.4", "", { "dependencies": { "lower-case": "^2.0.2", "tslib": "^2.0.3" } }, "sha512-fgAN3jGAh+RoxUGZHTSOLJIqUc2wmoBwGR4tbpNAKmmovFoWq0OdRkb0VkldReO2a2iBT/OEulG9XSUc10r3zg=="],

    "normalize.css": ["normalize.css@8.0.1", "", {}, "sha512-qizSNPO93t1YUuUhP22btGOo3chcvDFqFaj2TRybP0DMxkHOCTYwp3n34fel4a31ORXy4m1Xq0Gyqpb5m33qIg=="],

    "object-assign": ["object-assign@4.1.1", "", {}, "sha512-rJgTQnkUnH1sFw8yT6VSU3zD3sWmu6sZhIseY8VX+GRu3P6F7Fu+JNDoXfklElbLJSnc3FUQHVe4cU5hj+BcUg=="],

    "object-inspect": ["object-inspect@1.13.4", "", {}, "sha512-W67iLl4J2EXEGTbfeHCffrjDfitvLANg0UlX3wFUUSTx92KXRFegMHUVgSqE+wvhAbi4WqjGg9czysTV2Epbew=="],

    "oidc-client-ts": ["oidc-client-ts@3.5.0", "", { "dependencies": { "jwt-decode": "^4.0.0" } }, "sha512-l2q8l9CTCTOlbX+AnK4p3M+4CEpKpyQhle6blQkdFhm0IsBqsxm15bYaSa11G7pWdsYr6epdsRZxJpCyCRbT8A=="],

    "papaparse": ["papaparse@5.7.0", "", {}, "sha512-qBGxg/7Q3Kl9Wfhrz2Z74UnvnHTXLNG6jmKJFeBvP2+y4lV7So+7SR62+Zd47JvdrCkX+nDcnr0ObPzek/+6RA=="],

    "param-case": ["param-case@3.0.4", "", { "dependencies": { "dot-case": "^3.0.4", "tslib": "^2.0.3" } }, "sha512-RXlj7zCYokReqWpOPH9oYivUzLYZ5vAPIfEmCTNViosC78F8F0H9y7T7gG2M39ymgutxF5gcFEsyZQSph9Bp3A=="],

    "pascal-case": ["pascal-case@3.1.2", "", { "dependencies": { "no-case": "^3.0.4", "tslib": "^2.0.3" } }, "sha512-uWlGT3YSnK9x3BQJaOdcZwrnV6hPpd8jFH1/ucpiLRPh/2zCVJKS19E4GvYHvaCcACn3foXZ0cLB9Wrx1KGe5g=="],

    "path-case": ["path-case@3.0.4", "", { "dependencies": { "dot-case": "^3.0.4", "tslib": "^2.0.3" } }, "sha512-qO4qCFjXqVTrcbPt/hQfhTQ+VhFsqNKOPtytgNKkKxSoEp3XPUQ8ObFuePylOIok5gjn69ry8XiULxCwot3Wfg=="],

    "picocolors": ["picocolors@1.1.1", "", {}, "sha512-xceH2snhtb5M9liqDsmEw56le376mTZkEX/jEb/RxNFyegNul7eNslCXP9FDj/Lcu0X8KEyMceP2ntpaHrDEVA=="],

    "picomatch": ["picomatch@4.0.7", "", {}, "sha512-qcJu88Q2IWqJsDD529JKMdwGm/dvInW4HvQnRwiH9JtihJvzGOscDtHE3x1pBKeUOTysQ8kVmLnJ2kJu7yhcGA=="],

    "postcss": ["postcss@8.5.28", "", { "dependencies": { "nanoid": "^3.3.18", "picocolors": "^1.1.1", "source-map-js": "^1.2.1" } }, "sha512-RRuzqDtt5Y9h3quz5hWhK+TPnsmVs6WwSU6LkJMeY4HstUEDuYTG8UJSdawMRzmzAtV+KEoG8N3Qg2qLy5vM/A=="],

    "process": ["process@0.11.10", "", {}, "sha512-cdGef/drWFoydD1JsMzuFf8100nZl+GT+yacc2bEced5f9Rjk4z+WtFUTBu9PhOi9j/jfmBPu0mMEY4wIdAF8A=="],

    "prop-types": ["prop-types@15.8.1", "", { "dependencies": { "loose-envify": "^1.4.0", "object-assign": "^4.1.1", "react-is": "^16.13.1" } }, "sha512-oj87CgZICdulUohogVAR7AjlC0327U4el4L6eAvOqCeudMDVU0NThNaV+b9Df4dXgSP1gXMTnPdhfe/2qDH5cg=="],

    "qs": ["qs@6.16.0", "", { "dependencies": { "es-define-property": "^1.0.1", "side-channel": "^1.1.1" } }, "sha512-h6fhOIaRrID2CbEY2fqs+7t+UXZo+MLAnU5gRIq85uFtdiUPCdsApMlHhXogKVM4HM2DVbIjGNTTYH2OcmP1vA=="],

    "query-string": ["query-string@6.14.1", "", { "dependencies": { "decode-uri-component": "^0.2.0", "filter-obj": "^1.1.0", "split-on-first": "^1.0.0", "strict-uri-encode": "^2.0.0" } }, "sha512-XDxAeVmpfu1/6IjyT/gXHOl+S0vQ9owggJ30hhWKdHAsNPOcasn5o9BW0eejZqL2e4vMjhAxoW3jVHcD6mbcYw=="],

    "react": ["react@19.3.0", "", {}, "sha512-E8LUcbtBWt20bbl2YoHfx4ZDBdxVTfOKtCZn9cDSJ4l6/nuoApcpIBcj47t2wZoVX8g2ZHuMHbiShgCR1T5Sog=="],

    "react-dom": ["react-dom@19.3.0", "", { "dependencies": { "scheduler": "^0.28.0" }, "peerDependencies": { "react": "^19.3.0" } }, "sha512-JDk8dgif51OjFoDE70+OT9ICyYr+69HlmihNwp1+Nsfbna3t5sIiCa9ZJktDmQ4/1b/rn26hIAR2uYXDMr5r0Q=="],

    "react-fast-compare": ["react-fast-compare@3.2.2", "", {}, "sha512-nsO+KSNgo1SbJqJEYRE9ERzo7YtYbou/OqjSQKxV7jcKox7+usiUVZOAC+XnDOABXggQTno0Y1CpVnuWEc1boQ=="],

    "react-is": ["react-is@16.13.1", "", {}, "sha512-24e6ynE2H+OKt4kqsOvNd8kBpV65zoxbA4BVsEOB3ARVWQki/DHzaUoC5KuON/BiccDaCCTZBuOcfZs70kR8bQ=="],

    "react-oidc-context": ["react-oidc-context@3.3.1", "", { "peerDependencies": { "oidc-client-ts": "^3.1.0", "react": ">=16.14.0" } }, "sha512-/Azvm9W4DhhOtSDBE73kFInh1b6zZRRfILKbgmk2syExMF0PCYJOn/dGdOOi2BFX8x0rCeUe45NXHU+/+xDcrQ=="],

    "react-popper": ["react-popper@2.3.0", "", { "dependencies": { "react-fast-compare": "^3.0.1", "warning": "^4.0.2" }, "peerDependencies": { "@popperjs/core": "^2.0.0", "react": "^16.8.0 || ^17 || ^18", "react-dom": "^16.8.0 || ^17 || ^18" } }, "sha512-e1hj8lL3uM+sgSR4Lxzn5h1GxBlpa4CQz0XLF8kx4MDrDRWY0Ena4c97PUeSX9i5W3UAfDP0z0FXCTQkoXUl3Q=="],

    "react-router": ["react-router@8.4.0", "", { "dependencies": { "@remix-run/route-pattern": "^0.22.1", "cookie-es": "^3.1.1" }, "peerDependencies": { "react": ">=19.2.7", "react-dom": ">=19.2.7" }, "optionalPeers": ["react-dom"] }, "sha512-JtydAkBvU9UTEe5qNC+POhu+ZBNM7rlKY2IegwXc7Idj7xfRG16x5RZrw3mju+XlqBxfvb2ky9P3jUp9WyWC1g=="],

    "react-transition-group": ["react-transition-group@4.4.5", "", { "dependencies": { "@babel/runtime": "^7.5.5", "dom-helpers": "^5.0.1", "loose-envify": "^1.4.0", "prop-types": "^15.6.2" }, "peerDependencies": { "react": ">=16.6.0", "react-dom": ">=16.6.0" } }, "sha512-pZcd1MCJoiKiBR2NRxeCRg13uCXbydPnmB4EOeRrY7480qNWO8IIgQG6zlDkm6uRMsURXPuKq0GWtiM59a5Q6g=="],

    "readable-stream": ["readable-stream@3.6.2", "", { "dependencies": { "inherits": "^2.0.3", "string_decoder": "^1.1.1", "util-deprecate": "^1.0.1" } }, "sha512-9u/sniCrY3D5WdsERHzHE4G2YCXqoG5FTHUiCC4SIbr6XcLZBY05ya9EKjYek9O5xOAwjGq+1JdGBAS7Q9ScoA=="],

    "redux": ["redux@4.2.1", "", { "dependencies": { "@babel/runtime": "^7.9.2" } }, "sha512-LAUYz4lc+Do8/g7aeRa8JkyDErK6ekstQaqWQrNRW//MY1TvCEpMtpTWvlQ+FPbWCx+Xixu/6SHt5N0HR+SB4w=="],

    "remove-accents": ["remove-accents@0.4.4", "", {}, "sha512-EpFcOa/ISetVHEXqu+VwI96KZBmq+a8LJnGkaeFw45epGlxIZz5dhEEnNZMsQXgORu3qaMoLX4qJCzOik6ytAg=="],

    "rolldown": ["rolldown@1.2.9", "", { "dependencies": { "@oxc-project/types": "=0.150.0", "@rolldown/pluginutils": "^1.0.0" }, "optionalDependencies": { "@rolldown/binding-android-arm-eabi": "1.2.9", "@rolldown/binding-android-arm64": "1.2.9", "@rolldown/binding-darwin-arm64": "1.2.9", "@rolldown/binding-darwin-x64": "1.2.9", "@rolldown/binding-freebsd-x64": "1.2.9", "@rolldown/binding-linux-arm-gnueabihf": "1.2.9", "@rolldown/binding-linux-arm64-gnu": "1.2.9", "@rolldown/binding-linux-arm64-musl": "1.2.9", "@rolldown/binding-linux-ppc64-gnu": "1.2.9", "@rolldown/binding-linux-s390x-gnu": "1.2.9", "@rolldown/binding-linux-x64-gnu": "1.2.9", "@rolldown/binding-linux-x64-musl": "1.2.9", "@rolldown/binding-openharmony-arm64": "1.2.9", "@rolldown/binding-win32-arm64-msvc": "1.2.9", "@rolldown/binding-win32-x64-msvc": "1.2.9" }, "bin": { "rolldown": "./bin/cli.mjs" } }, "sha512-hx/Pv0N1haXRb11qkfnK5MXB/iqr7i0yjWQqmO9uHqZpBgQSqzc8UsSnEpalsh+j1I8qQ2CkXAkJC8Br3dKSlg=="],

    "safe-buffer": ["safe-buffer@5.2.1", "", {}, "sha512-rp3So07KcdmmKbGvgaNxQSJr7bGVSVk5S9Eq1F+ppbRo70+YeaDxkw5Dd8NPN+GD6bjnYm2VuPuCXmpuYvmCXQ=="],

    "scheduler": ["scheduler@0.28.0", "", {}, "sha512-juorfCmIkIw8tT+p5BXSm6PJjQF/ycEYmKyzURCIt/RaZIhL+PulbQ9Yu2z1HdOJDdqDTlxA1+xKBmHXJsczAw=="],

    "semver": ["semver@7.8.5", "", { "bin": { "semver": "bin/semver.js" } }, "sha512-Y7/KDsb8LjooZpwaqGyulO6DQlksgCncchHGk+sZIY4SBvUocMBEFH5Ur1fI4dV+Jvl0w6cjvucaIi40puRioA=="],

    "sentence-case": ["sentence-case@3.0.4", "", { "dependencies": { "no-case": "^3.0.4", "tslib": "^2.0.3", "upper-case-first": "^2.0.2" } }, "sha512-8LS0JInaQMCRoQ7YUytAo/xUu5W2XnQxV2HI/6uM6U7CITS1RqPElr30V6uIqyMKM9lJGRVFy5/4CuzcixNYSg=="],

    "side-channel": ["side-channel@1.1.1", "", { "dependencies": { "es-errors": "^1.3.0", "object-inspect": "^1.13.4", "side-channel-list": "^1.0.1", "side-channel-map": "^1.0.1", "side-channel-weakmap": "^1.0.2" } }, "sha512-6x6dK6zJdpTzF4sQeNYxwtvBzf6Eg4GtlesS94HOvTudUeyK2WXAaIfmDgsyslYrRBeFIlsi54AYsFGUuhmvrQ=="],

    "side-channel-list": ["side-channel-list@1.0.1", "", { "dependencies": { "es-errors": "^1.3.0", "object-inspect": "^1.13.4" } }, "sha512-mjn/0bi/oUURjc5Xl7IaWi/OJJJumuoJFQJfDDyO46+hBWsfaVM65TBHq2eoZBhzl9EchxOijpkbRC8SVBQU0w=="],

    "side-channel-map": ["side-channel-map@1.0.1", "", { "dependencies": { "call-bound": "^1.0.2", "es-errors": "^1.3.0", "get-intrinsic": "^1.2.5", "object-inspect": "^1.13.3" } }, "sha512-VCjCNfgMsby3tTdo02nbjtM/ewra6jPHmpThenkTYh8pG9ucZ/1P8So4u4FGBek/BjpOVsDCMoLA/iuBKIFXRA=="],

    "side-channel-weakmap": ["side-channel-weakmap@1.0.2", "", { "dependencies": { "call-bound": "^1.0.2", "es-errors": "^1.3.0", "get-intrinsic": "^1.2.5", "object-inspect": "^1.13.3", "side-channel-map": "^1.0.1" } }, "sha512-WPS/HvHQTYnHisLo9McqBHOJk2FkHO/tlpvldyrnem4aeQp4hai3gythswg6p01oSoTl58rcpiFAjF2br2Ak2A=="],

    "snake-case": ["snake-case@3.0.4", "", { "dependencies": { "dot-case": "^3.0.4", "tslib": "^2.0.3" } }, "sha512-LAOh4z89bGQvl9pFfNF8V146i7o7/CqFPbqzYgP+yYzDIDeS9HaNFtXABamRW+AQzEVODcvE79ljJ+8a9YSdMg=="],

    "sortablejs": ["sortablejs@1.15.7", "", {}, "sha512-Kk8wLQPlS+yi1ZEf48a4+fzHa4yxjC30M/Sr2AnQu+f/MPwvvX9XjZ6OWejiz8crBsLwSq8GHqaxaET7u6ux0A=="],

    "source-map-js": ["source-map-js@1.2.1", "", {}, "sha512-UXWMKhLOwVKb728IUtQPXxfYU+usdybtUrK/8uGE8CQMvrhOpwvzDBwj0QhSL7MQc7vIsISBG8VQ8+IDQxpfQA=="],

    "split-on-first": ["split-on-first@1.1.0", "", {}, "sha512-43ZssAJaMusuKWL8sKUBQXHWOpq8d6CfN/u1p4gUzfJkM05C8rxTmYrkIPTXapZpORA6LkkzcUulJ8FqA7Uudw=="],

    "store": ["store@2.0.12", "", {}, "sha512-eO9xlzDpXLiMr9W1nQ3Nfp9EzZieIQc10zPPMP5jsVV7bLOziSFFBP0XoDXACEIFtdI+rIz0NwWVA/QVJ8zJtw=="],

    "strict-uri-encode": ["strict-uri-encode@2.0.0", "", {}, "sha512-QwiXZgpRcKkhTj2Scnn++4PKtWsH0kpzZ62L2R6c/LUVYv7hVnZqcg2+sMuT6R7Jusu1vviK/MFsu6kNJfWlEQ=="],

    "string-hash": ["string-hash@1.1.3", "", {}, "sha512-kJUvRUFK49aub+a7T1nNE66EJbZBMnBgoC1UbCZ5n6bsZKBRga4KgBRTMn/pFkeCZSYtNeSyMxPDM0AXWELk2A=="],

    "string_decoder": ["string_decoder@1.3.0", "", { "dependencies": { "safe-buffer": "~5.2.0" } }, "sha512-hkRX8U1WjJFd8LsDJ2yQ/wWWxaopEsABU1XfkM8A+j0+85JAGppt16cr1Whg6KIbb4okU6Mql6BOj+uup/wKeA=="],

    "superagent": ["superagent@5.3.1", "", { "dependencies": { "component-emitter": "^1.3.0", "cookiejar": "^2.1.2", "debug": "^4.1.1", "fast-safe-stringify": "^2.0.7", "form-data": "^3.0.0", "formidable": "^1.2.2", "methods": "^1.1.2", "mime": "^2.4.6", "qs": "^6.9.4", "readable-stream": "^3.6.0", "semver": "^7.3.2" } }, "sha512-wjJ/MoTid2/RuGCOFtlacyGNxN9QLMgcpYLDQlWFIhhdJ93kNscFonGvrpAHSCVjRVj++DGCglocF7Aej1KHvQ=="],

    "tabbable": ["tabbable@6.5.0", "", {}, "sha512-wieBHXygIm7OyQOu5hQlkk62/WyCFYGlWg7L6/ZCUZwx0o398Zkn4pVmMyfYhfMG8kGrj/Krt8eIk6UKC6VzwA=="],

    "tinyglobby": ["tinyglobby@0.2.17", "", { "dependencies": { "fdir": "^6.5.0", "picomatch": "^4.0.4" } }, "sha512-wXR/dYpcqKmfWpEdZjiKJOwCNFndD0DMnrW/cYjVGttEkBfVgcLFHoNrlj47mjOVic9yyNu65alsgF4NQyTa2g=="],

    "tslib": ["tslib@2.6.3", "", {}, "sha512-xNvxJEOUiWPGhUuUdQgAJPKOOJfGnIyKySOc09XkKsgdUV/3E2zvwZYdejjmRgPCgcym1juLH3226yA7sEFJKQ=="],

    "typescript": ["typescript@5.9.3", "", { "bin": { "tsc": "bin/tsc", "tsserver": "bin/tsserver" } }, "sha512-jl1vZzPDinLr9eUt3J/t7V6FgNEw9QjvBPdysz9KfQDD41fQrC2Y4vKQdiaUpFT4bXlb1RHhLpp8wtm6M5TgSw=="],

    "upper-case": ["upper-case@2.0.2", "", { "dependencies": { "tslib": "^2.0.3" } }, "sha512-KgdgDGJt2TpuwBUIjgG6lzw2GWFRCW9Qkfkiv0DxqHHLYJHmtmdUIKcZd8rHgFSjopVTlw6ggzCm1b8MFQwikg=="],

    "upper-case-first": ["upper-case-first@2.0.2", "", { "dependencies": { "tslib": "^2.0.3" } }, "sha512-514ppYHBaKwfJRK/pNC6c/OxfGa0obSnAl106u97Ed0I625Nin96KAjttZF6ZL3e1XLtphxnqrOi9iWgm+u+bg=="],

    "util-deprecate": ["util-deprecate@1.0.2", "", {}, "sha512-EPD5q1uXyFxJpCrLnCc1nHnq3gOa6DZBocAIiI2TaSCA7VCJ1UJDMagCzIkXNsUYfD1daK//LTEQ8xiIbrHtcw=="],

    "vite": ["vite@8.3.0", "", { "dependencies": { "lightningcss": "^1.33.0", "picomatch": "^4.0.7", "postcss": "^8.5.28", "rolldown": "~1.2.6", "tinyglobby": "^0.2.17" }, "optionalDependencies": { "fsevents": "~2.3.3" }, "peerDependencies": { "@types/node": "^20.19.0 || >=22.12.0", "@vitejs/devtools": "^0.7.1", "esbuild": "^0.27.0 || ^0.28.0", "jiti": ">=1.21.0", "less": "^4.0.0", "sass": "^1.70.0", "sass-embedded": "^1.70.0", "stylus": ">=0.54.8", "sugarss": "^5.0.0", "terser": "^5.16.0", "tsx": "^4.8.1", "yaml": "^2.4.2" }, "optionalPeers": ["@types/node", "@vitejs/devtools", "esbuild", "jiti", "less", "sass", "sass-embedded", "stylus", "sugarss", "terser", "tsx", "yaml"], "bin": { "vite": "bin/vite.js" } }, "sha512-lhZBVvEHefgE+HQZC9O7EBJgCU/nVzFNl7vkS4RE0APtWLP02/8QVIkQtzBxPquh7lq5/78NHipTj7ODQ6XuyQ=="],

    "warning": ["warning@4.0.3", "", { "dependencies": { "loose-envify": "^1.0.0" } }, "sha512-rpJyN222KWIvHJ/F53XSZv0Zl/accqHR8et1kpaMTD/fLCRxtV8iX8czMzY7sVZupTI3zcUTg8eycS2kNF9l6w=="],

    "n3/readable-stream": ["readable-stream@4.7.0", "", { "dependencies": { "abort-controller": "^3.0.0", "buffer": "^6.0.3", "events": "^3.3.0", "process": "^0.11.10", "string_decoder": "^1.3.0" } }, "sha512-oIGGmcpTLwPga8Bn6/Z75SVaH1z5dUut2ibSyAMVhmUggWpmDn2dapB0n7f8nwaSiRtepAsfJyfXIO5DCVAODg=="],
  }
}
